
Microsoft Visual Studio Solution File, Format Version 12.00
# Visual Studio Version 17
VisualStudioVersion = 17.13.35825.156
MinimumVisualStudioVersion = 10.0.40219.1
Project("{FAE04EC0-301F-11D3-BF4B-00C04F79EFBC}") = "LudoVault.Core", "LudoVault.Core\LudoVault.Core.csproj", "{74BA969D-9F84-4A36-89C0-92A213C3218B}"
EndProject
Project("{2150E333-8FDC-42A3-9474-1A3956D46DE8}") = "Solution Items", "Solution Items", "{8EC462FD-D22E-90A8-E5CE-7E832BA40C5D}"
	ProjectSection(SolutionItems) = preProject
		.editorconfig = .editorconfig
		Directory.Build.props = Directory.Build.props
	EndProjectSection
EndProject
Project("{FAE04EC0-301F-11D3-BF4B-00C04F79EFBC}") = "LudoVault.Core.Test", "LudoVault.Core.Test\LudoVault.Core.Test.csproj", "{E6A7910A-BC1F-4052-A8CE-B783973CFD4F}"
EndProject
Global
	GlobalSection(SolutionConfigurationPlatforms) = preSolution
		Debug|Any CPU = Debug|Any CPU
		Release|Any CPU = Release|Any CPU
	EndGlobalSection
	GlobalSection(ProjectConfigurationPlatforms) = postSolution
		{74BA969D-9F84-4A36-89C0-92A213C3218B}.Debug|Any CPU.ActiveCfg = Debug|Any CPU
		{74BA969D-9F84-4A36-89C0-92A213C3218B}.Debug|Any CPU.Build.0 = Debug|Any CPU
		{74BA969D-9F84-4A36-89C0-92A213C3218B}.Release|Any CPU.ActiveCfg = Release|Any CPU
		{74BA969D-9F84-4A36-89C0-92A213C3218B}.Release|Any CPU.Build.0 = Release|Any CPU
		{E6A7910A-BC1F-4052-A8CE-B783973CFD4F}.Debug|Any CPU.ActiveCfg = Debug|Any CPU
		{E6A7910A-BC1F-4052-A8CE-B783973CFD4F}.Debug|Any CPU.Build.0 = Debug|Any CPU
		{E6A7910A-BC1F-4052-A8CE-B783973CFD4F}.Release|Any CPU.ActiveCfg = Release|Any CPU
		{E6A7910A-BC1F-4052-A8CE-B783973CFD4F}.Release|Any CPU.Build.0 = Release|Any CPU
	EndGlobalSection
	GlobalSection(SolutionProperties) = preSolution
		HideSolutionNode = FALSE
	EndGlobalSection
	GlobalSection(ExtensibilityGlobals) = postSolution
		SolutionGuid = {E2A85F11-5EA6-43BA-B356-9A531F0911C9}
	EndGlobalSection
EndGlobal
